// !$*UTF8*$!
{
	archiveVersion = 1;
	classes = {
	};
	objectVersion = 46;
	objects = {

/* Begin PBXBuildFile section */
		8974F9131FAC069D00D06CD0 /* main.m in Sources */ = {isa = PBXBuildFile; fileRef = 8974F9121FAC069D00D06CD0 /* main.m */; };
		8974F9161FAC069D00D06CD0 /* AppDelegate.m in Sources */ = {isa = PBXBuildFile; fileRef = 8974F9151FAC069D00D06CD0 /* AppDelegate.m */; };
		8974F9191FAC069D00D06CD0 /* ViewController.m in Sources */ = {isa = PBXBuildFile; fileRef = 8974F9181FAC069D00D06CD0 /* ViewController.m */; };
		8974F91C1FAC069D00D06CD0 /* Main.storyboard in Resources */ = {isa = PBXBuildFile; fileRef = 8974F91A1FAC069D00D06CD0 /* Main.storyboard */; };
		8974F91E1FAC069D00D06CD0 /* Assets.xcassets in Resources */ = {isa = PBXBuildFile; fileRef = 8974F91D1FAC069D00D06CD0 /* Assets.xcassets */; };
		8974F9211FAC069D00D06CD0 /* LaunchScreen.storyboard in Resources */ = {isa = PBXBuildFile; fileRef = 8974F91F1FAC069D00D06CD0 /* LaunchScreen.storyboard */; };
		8974F92A1FAC076E00D06CD0 /* LO_DownLoadTask.m in Sources */ = {isa = PBXBuildFile; fileRef = 8974F9291FAC076E00D06CD0 /* LO_DownLoadTask.m */; };
/* End PBXBuildFile section */

/* Begin PBXFileReference section */
		8974F90E1FAC069D00D06CD0 /* LO_DownLoad.app */ = {isa = PBXFileReference; explicitFileType = wrapper.application; includeInIndex = 0; path = LO_DownLoad.app; sourceTree = BUILT_PRODUCTS_DIR; };
		8974F9121FAC069D00D06CD0 /* main.m */ = {isa = PBXFileReference; lastKnownFileType = sourcecode.c.objc; path = main.m; sourceTree = "<group>"; };
		8974F9141FAC069D00D06CD0 /* AppDelegate.h */ = {isa = PBXFileReference; lastKnownFileType = sourcecode.c.h; path = AppDelegate.h; sourceTree = "<group>"; };
		8974F9151FAC069D00D06CD0 /* AppDelegate.m */ = {isa = PBXFileReference; lastKnownFileType = sourcecode.c.objc; path = AppDelegate.m; sourceTree = "<group>"; };
		8974F9171FAC069D00D06CD0 /* ViewController.h */ = {isa = PBXFileReference; lastKnownFileType = sourcecode.c.h; path = ViewController.h; sourceTree = "<group>"; };
		8974F9181FAC069D00D06CD0 /* ViewController.m */ = {isa = PBXFileReference; lastKnownFileType = sourcecode.c.objc; path = ViewController.m; sourceTree = "<group>"; };
		8974F91B1FAC069D00D06CD0 /* Base */ = {isa = PBXFileReference; lastKnownFileType = file.storyboard; name = Base; path = Base.lproj/Main.storyboard; sourceTree = "<group>"; };
		8974F91D1FAC069D00D06CD0 /* Assets.xcassets */ = {isa = PBXFileReference; lastKnownFileType = folder.assetcatalog; path = Assets.xcassets; sourceTree = "<group>"; };
		8974F9201FAC069D00D06CD0 /* Base */ = {isa = PBXFileReference; lastKnownFileType = file.storyboard; name = Base; path = Base.lproj/LaunchScreen.storyboard; sourceTree = "<group>"; };
		8974F9221FAC069D00D06CD0 /* Info.plist */ = {isa = PBXFileReference; lastKnownFileType = text.plist.xml; path = Info.plist; sourceTree = "<group>"; };
		8974F9281FAC076E00D06CD0 /* LO_DownLoadTask.h */ = {isa = PBXFileReference; fileEncoding = 4; lastKnownFileType = sourcecode.c.h; path = LO_DownLoadTask.h; sourceTree = "<group>"; };
		8974F9291FAC076E00D06CD0 /* LO_DownLoadTask.m */ = {isa = PBXFileReference; fileEncoding = 4; lastKnownFileType = sourcecode.c.objc; path = LO_DownLoadTask.m; sourceTree = "<group>"; };
/* End PBXFileReference section */

/* Begin PBXFrameworksBuildPhase section */
		8974F90B1FAC069D00D06CD0 /* Frameworks */ = {
			isa = PBXFrameworksBuildPhase;
			buildActionMask = 2147483647;
			files = (
			);
			runOnlyForDeploymentPostprocessing = 0;
		};
/* End PBXFrameworksBuildPhase section */

/* Begin PBXGroup section */
		8974F9051FAC069D00D06CD0 = {
			isa = PBXGroup;
			children = (
				8974F9101FAC069D00D06CD0 /* LO_DownLoad */,
				8974F90F1FAC069D00D06CD0 /* Products */,
			);
			sourceTree = "<group>";
		};
		8974F90F1FAC069D00D06CD0 /* Products */ = {
			isa = PBXGroup;
			children = (
				8974F90E1FAC069D00D06CD0 /* LO_DownLoad.app */,
			);
			name = Products;
			sourceTree = "<group>";
		};
		8974F9101FAC069D00D06CD0 /* LO_DownLoad */ = {
			isa = PBXGroup;
			children = (
				8974F9141FAC069D00D06CD0 /* AppDelegate.h */,
				8974F9151FAC069D00D06CD0 /* AppDelegate.m */,
				8974F9171FAC069D00D06CD0 /* ViewController.h */,
				8974F9181FAC069D00D06CD0 /* ViewController.m */,
				8974F9281FAC076E00D06CD0 /* LO_DownLoadTask.h */,
				8974F9291FAC076E00D06CD0 /* LO_DownLoadTask.m */,
				8974F91A1FAC069D00D06CD0 /* Main.storyboard */,
				8974F91D1FAC069D00D06CD0 /* Assets.xcassets */,
				8974F91F1FAC069D00D06CD0 /* LaunchScreen.storyboard */,
				8974F9221FAC069D00D06CD0 /* Info.plist */,
				8974F9111FAC069D00D06CD0 /* Supporting Files */,
			);
			path = LO_DownLoad;
			sourceTree = "<group>";
		};
		8974F9111FAC069D00D06CD0 /* Supporting Files */ = {
			isa = PBXGroup;
			children = (
				8974F9121FAC069D00D06CD0 /* main.m */,
			);
			name = "Supporting Files";
			sourceTree = "<group>";
		};
/* End PBXGroup section */

/* Begin PBXNativeTarget section */
		8974F90D1FAC069D00D06CD0 /* LO_DownLoad */ = {
			isa = PBXNativeTarget;
			buildConfigurationList = 8974F9251FAC069D00D06CD0 /* Build configuration list for PBXNativeTarget "LO_DownLoad" */;
			buildPhases = (
				8974F90A1FAC069D00D06CD0 /* Sources */,
				8974F90B1FAC069D00D06CD0 /* Frameworks */,
				8974F90C1FAC069D00D06CD0 /* Resources */,
			);
			buildRules = (
			);
			dependencies = (
			);
			name = LO_DownLoad;
			productName = LO_DownLoad;
			productReference = 8974F90E1FAC069D00D06CD0 /* LO_DownLoad.app */;
			productType = "com.apple.product-type.application";
		};
/* End PBXNativeTarget section */

/* Begin PBXProject section */
		8974F9061FAC069D00D06CD0 /* Project object */ = {
			isa = PBXProject;
			attributes = {
				LastUpgradeCheck = 0820;
				ORGANIZATIONNAME = sanjingrihua;
				TargetAttributes = {
					8974F90D1FAC069D00D06CD0 = {
						CreatedOnToolsVersion = 8.2;
						ProvisioningStyle = Automatic;
					};
				};
			};
			buildConfigurationList = 8974F9091FAC069D00D06CD0 /* Build configuration list for PBXProject "LO_DownLoad" */;
			compatibilityVersion = "Xcode 3.2";
			developmentRegion = English;
			hasScannedForEncodings = 0;
			knownRegions = (
				en,
				Base,
			);
			mainGroup = 8974F9051FAC069D00D06CD0;
			productRefGroup = 8974F90F1FAC069D00D06CD0 /* Products */;
			projectDirPath = "";
			projectRoot = "";
			targets = (
				8974F90D1FAC069D00D06CD0 /* LO_DownLoad */,
			);
		};
/* End PBXProject section */

/* Begin PBXResourcesBuildPhase section */
		8974F90C1FAC069D00D06CD0 /* Resources */ = {
			isa = PBXResourcesBuildPhase;
			buildActionMask = 2147483647;
			files = (
				8974F9211FAC069D00D06CD0 /* LaunchScreen.storyboard in Resources */,
				8974F91E1FAC069D00D06CD0 /* Assets.xcassets in Resources */,
				8974F91C1FAC069D00D06CD0 /* Main.storyboard in Resources */,
			);
			runOnlyForDeploymentPostprocessing = 0;
		};
/* End PBXResourcesBuildPhase section */

/* Begin PBXSourcesBuildPhase section */
		8974F90A1FAC069D00D06CD0 /* Sources */ = {
			isa = PBXSourcesBuildPhase;
			buildActionMask = 2147483647;
			files = (
				8974F9191FAC069D00D06CD0 /* ViewController.m in Sources */,
				8974F92A1FAC076E00D06CD0 /* LO_DownLoadTask.m in Sources */,
				8974F9161FAC069D00D06CD0 /* AppDelegate.m in Sources */,
				8974F9131FAC069D00D06CD0 /* main.m in Sources */,
			);
			runOnlyForDeploymentPostprocessing = 0;
		};
/* End PBXSourcesBuildPhase section */

/* Begin PBXVariantGroup section */
		8974F91A1FAC069D00D06CD0 /* Main.storyboard */ = {
			isa = PBXVariantGroup;
			children = (
				8974F91B1FAC069D00D06CD0 /* Base */,
			);
			name = Main.storyboard;
			sourceTree = "<group>";
		};
		8974F91F1FAC069D00D06CD0 /* LaunchScreen.storyboard */ = {
			isa = PBXVariantGroup;
			children = (
				8974F9201FAC069D00D06CD0 /* Base */,
			);
			name = LaunchScreen.storyboard;
			sourceTree = "<group>";
		};
/* End PBXVariantGroup section */

/* Begin XCBuildConfiguration section */
		8974F9231FAC069D00D06CD0 /* Debug */ = {
			isa = XCBuildConfiguration;
			buildSettings = {
				ALWAYS_SEARCH_USER_PATHS = NO;
				CLANG_ANALYZER_NONNULL = YES;
				CLANG_CXX_LANGUAGE_STANDARD = "gnu++0x";
				CLANG_CXX_LIBRARY = "libc++";
				CLANG_ENABLE_MODULES = YES;
				CLANG_ENABLE_OBJC_ARC = YES;
				CLANG_WARN_BOOL_CONVERSION = YES;
				CLANG_WARN_CONSTANT_CONVERSION = YES;
				CLANG_WARN_DIRECT_OBJC_ISA_USAGE = YES_ERROR;
				CLANG_WARN_DOCUMENTATION_COMMENTS = YES;
				CLANG_WARN_EMPTY_BODY = YES;
				CLANG_WARN_ENUM_CONVERSION = YES;
				CLANG_WARN_INFINITE_RECURSION = YES;
				CLANG_WARN_INT_CONVERSION = YES;
				CLANG_WARN_OBJC_ROOT_CLASS = YES_ERROR;
				CLANG_WARN_SUSPICIOUS_MOVE = YES;
				CLANG_WARN_UNREACHABLE_CODE = YES;
				CLANG_WARN__DUPLICATE_METHOD_MATCH = YES;
				"CODE_SIGN_IDENTITY[sdk=iphoneos*]" = "iPhone Developer";
				COPY_PHASE_STRIP = NO;
				DEBUG_INFORMATION_FORMAT = dwarf;
				ENABLE_STRICT_OBJC_MSGSEND = YES;
				ENABLE_TESTABILITY = YES;
				GCC_C_LANGUAGE_STANDARD = gnu99;
				GCC_DYNAMIC_NO_PIC = NO;
				GCC_NO_COMMON_BLOCKS = YES;
				GCC_OPTIMIZATION_LEVEL = 0;
				GCC_PREPROCESSOR_DEFINITIONS = (
					"DEBUG=1",
					"$(inherited)",
				);
				GCC_WARN_64_TO_32_BIT_CONVERSION = YES;
				GCC_WARN_ABOUT_RETURN_TYPE = YES_ERROR;
				GCC_WARN_UNDECLARED_SELECTOR = YES;
				GCC_WARN_UNINITIALIZED_AUTOS = YES_AGGRESSIVE;
				GCC_WARN_UNUSED_FUNCTION = YES;
				GCC_WARN_UNUSED_VARIABLE = YES;
				IPHONEOS_DEPLOYMENT_TARGET = 10.2;
				MTL_ENABLE_DEBUG_INFO = YES;
				ONLY_ACTIVE_ARCH = YES;
				SDKROOT = iphoneos;
			};
			name = Debug;
		};
		8974F9241FAC069D00D06CD0 /* Release */ = {
			isa = XCBuildConfiguration;
			buildSettings = {
				ALWAYS_SEARCH_USER_PATHS = NO;
				CLANG_ANALYZER_NONNULL = YES;
				CLANG_CXX_LANGUAGE_STANDARD = "gnu++0x";
				CLANG_CXX_LIBRARY = "libc++";
				CLANG_ENABLE_MODULES = YES;
				CLANG_ENABLE_OBJC_ARC = YES;
				CLANG_WARN_BOOL_CONVERSION = YES;
				CLANG_WARN_CONSTANT_CONVERSION = YES;
				CLANG_WARN_DIRECT_OBJC_ISA_USAGE = YES_ERROR;
				CLANG_WARN_DOCUMENTATION_COMMENTS = YES;
				CLANG_WARN_EMPTY_BODY = YES;
				CLANG_WARN_ENUM_CONVERSION = YES;
				CLANG_WARN_INFINITE_RECURSION = YES;
				CLANG_WARN_INT_CONVERSION = YES;
				CLANG_WARN_OBJC_ROOT_CLASS = YES_ERROR;
				CLANG_WARN_SUSPICIOUS_MOVE = YES;
				CLANG_WARN_UNREACHABLE_CODE = YES;
				CLANG_WARN__DUPLICATE_METHOD_MATCH = YES;
				"CODE_SIGN_IDENTITY[sdk=iphoneos*]" = "iPhone Developer";
				COPY_PHASE_STRIP = NO;
				DEBUG_INFORMATION_FORMAT = "dwarf-with-dsym";
				ENABLE_NS_ASSERTIONS = NO;
				ENABLE_STRICT_OBJC_MSGSEND = YES;
				GCC_C_LANGUAGE_STANDARD = gnu99;
				GCC_NO_COMMON_BLOCKS = YES;
				GCC_WARN_64_TO_32_BIT_CONVERSION = YES;
				GCC_WARN_ABOUT_RETURN_TYPE = YES_ERROR;
				GCC_WARN_UNDECLARED_SELECTOR = YES;
				GCC_WARN_UNINITIALIZED_AUTOS = YES_AGGRESSIVE;
				GCC_WARN_UNUSED_FUNCTION = YES;
				GCC_WARN_UNUSED_VARIABLE = YES;
				IPHONEOS_DEPLOYMENT_TARGET = 10.2;
				MTL_ENABLE_DEBUG_INFO = NO;
				SDKROOT = iphoneos;
				VALIDATE_PRODUCT = YES;
			};
			name = Release;
		};
		8974F9261FAC069D00D06CD0 /* Debug */ = {
			isa = XCBuildConfiguration;
			buildSettings = {
				ASSETCATALOG_COMPILER_APPICON_NAME = AppIcon;
				INFOPLIST_FILE = LO_DownLoad/Info.plist;
				LD_RUNPATH_SEARCH_PATHS = "$(inherited) @executable_path/Frameworks";
				PRODUCT_BUNDLE_IDENTIFIER = "com.sanjingrihua.LO-DownLoad";
				PRODUCT_NAME = "$(TARGET_NAME)";
			};
			name = Debug;
		};
		8974F9271FAC069D00D06CD0 /* Release */ = {
			isa = XCBuildConfiguration;
			buildSettings = {
				ASSETCATALOG_COMPILER_APPICON_NAME = AppIcon;
				INFOPLIST_FILE = LO_DownLoad/Info.plist;
				LD_RUNPATH_SEARCH_PATHS = "$(inherited) @executable_path/Frameworks";
				PRODUCT_BUNDLE_IDENTIFIER = "com.sanjingrihua.LO-DownLoad";
				PRODUCT_NAME = "$(TARGET_NAME)";
			};
			name = Release;
		};
/* End XCBuildConfiguration section */

/* Begin XCConfigurationList section */
		8974F9091FAC069D00D06CD0 /* Build configuration list for PBXProject "LO_DownLoad" */ = {
			isa = XCConfigurationList;
			buildConfigurations = (
				8974F9231FAC069D00D06CD0 /* Debug */,
				8974F9241FAC069D00D06CD0 /* Release */,
			);
			defaultConfigurationIsVisible = 0;
			defaultConfigurationName = Release;
		};
		8974F9251FAC069D00D06CD0 /* Build configuration list for PBXNativeTarget "LO_DownLoad" */ = {
			isa = XCConfigurationList;
			buildConfigurations = (
				8974F9261FAC069D00D06CD0 /* Debug */,
				8974F9271FAC069D00D06CD0 /* Release */,
			);
			defaultConfigurationIsVisible = 0;
		};
/* End XCConfigurationList section */
	};
	rootObject = 8974F9061FAC069D00D06CD0 /* Project object */;
}
